
Microsoft Visual Studio Solution File, Format Version 12.00
# Visual Studio Version 16
VisualStudioVersion = 16.0.28729.10
MinimumVisualStudioVersion = 10.0.40219.1
Project("{9A19103F-16F7-4668-BE54-9A1E7A4F7556}") = "FBSConsolaCB_WebApi.WebApi", "FBSConsolaCB_WebApi.WebApi\FBSConsolaCB_WebApi.WebApi.csproj", "{4984B573-59DD-49CE-AD75-E7125B597AAF}"
EndProject
Project("{9A19103F-16F7-4668-BE54-9A1E7A4F7556}") = "FBSConsolaCB_WebApi.DAL", "FBSConsolaCB_WebApi.DAL\FBSConsolaCB_WebApi.DAL.csproj", "{9F45073D-47B7-4EFD-9C72-7B8A109766A9}"
EndProject
Project("{9A19103F-16F7-4668-BE54-9A1E7A4F7556}") = "FBSConsolaCB_WebApi.Infraestructura", "FBSConsolaCB_WebApi.Infraestructura\FBSConsolaCB_WebApi.Infraestructura.csproj", "{FD37CE24-2A30-4EFF-9C40-80629CF98147}"
EndProject
Project("{9A19103F-16F7-4668-BE54-9A1E7A4F7556}") = "FBSConsolaCB_WebApi.Dominio.Servicios", "FBSConsolaCB_WebApi.Dominio.Servicios\FBSConsolaCB_WebApi.Dominio.Servicios.csproj", "{95E8F87A-21C6-4BDE-8E45-AC6A9B930C6B}"
EndProject
Project("{9A19103F-16F7-4668-BE54-9A1E7A4F7556}") = "FBSConsolaCB_WebApi.Dominio.Modelos", "FBSConsolaCB_WebApi.Dominio.Modelos\FBSConsolaCB_WebApi.Dominio.Modelos.csproj", "{2E800B03-2A88-4F28-BB11-A9A569C10E30}"
EndProject
Project("{9A19103F-16F7-4668-BE54-9A1E7A4F7556}") = "FBS.Infraestructura", "FBS_Core\FBS.Infraestructura\FBS.Infraestructura.csproj", "{99E92384-03C5-4F7D-BE75-A43A4481329C}"
EndProject
Project("{9A19103F-16F7-4668-BE54-9A1E7A4F7556}") = "FBS.Identidad.Infraestructura", "FBS_Core\FBS.Identidad.Infraestructura\FBS.Identidad.Infraestructura.csproj", "{D47ACD93-FA82-47C1-992A-1530BE26A2C5}"
EndProject
Project("{9A19103F-16F7-4668-BE54-9A1E7A4F7556}") = "FBS.Identidad.Dominio.Servicios", "FBS_Core\FBS.Identidad.Dominio.Servicios\FBS.Identidad.Dominio.Servicios.csproj", "{3B610A44-D408-427C-B7C2-4D15DDD5D382}"
EndProject
Project("{9A19103F-16F7-4668-BE54-9A1E7A4F7556}") = "FBS.Identidad.Dominio.Modelos", "FBS_Core\FBS.Identidad.Dominio.Modelos\FBS.Identidad.Dominio.Modelos.csproj", "{968ACE0C-3331-46DF-9DCE-A38CEBCB33C2}"
EndProject
Project("{9A19103F-16F7-4668-BE54-9A1E7A4F7556}") = "FBS.Identidad.DAL", "FBS_Core\FBS.Identidad.DAL\FBS.Identidad.DAL.csproj", "{4D85D2BB-00CB-4CB1-96BC-E3322D524C76}"
EndProject
Project("{9A19103F-16F7-4668-BE54-9A1E7A4F7556}") = "FBS.Dominio.Modelos", "FBS_Core\FBS.Dominio.Modelos\FBS.Dominio.Modelos.csproj", "{F840A274-8EDF-4EA9-A878-F054F67378B8}"
EndProject
Project("{9A19103F-16F7-4668-BE54-9A1E7A4F7556}") = "FBS.DAL", "FBS_Core\FBS.DAL\FBS.DAL.csproj", "{F0D14C8F-F8CD-47A7-9FA9-8FE2F15BFDF1}"
EndProject
Project("{9A19103F-16F7-4668-BE54-9A1E7A4F7556}") = "FBS.Dominio.Servicios", "FBS_Core\FBS.Dominio.Servicios\FBS.Dominio.Servicios.csproj", "{684F6D49-7F64-4485-A36E-8E68E4E46930}"
EndProject
Project("{2150E333-8FDC-42A3-9474-1A3956D46DE8}") = "FBS_Core", "FBS_Core", "{77F80894-422A-469E-AAEB-86E1204168B1}"
EndProject
Global
	GlobalSection(SolutionConfigurationPlatforms) = preSolution
		Debug|Any CPU = Debug|Any CPU
		Release|Any CPU = Release|Any CPU
	EndGlobalSection
	GlobalSection(ProjectConfigurationPlatforms) = postSolution
		{4984B573-59DD-49CE-AD75-E7125B597AAF}.Debug|Any CPU.ActiveCfg = Debug|Any CPU
		{4984B573-59DD-49CE-AD75-E7125B597AAF}.Debug|Any CPU.Build.0 = Debug|Any CPU
		{4984B573-59DD-49CE-AD75-E7125B597AAF}.Release|Any CPU.ActiveCfg = Release|Any CPU
		{4984B573-59DD-49CE-AD75-E7125B597AAF}.Release|Any CPU.Build.0 = Release|Any CPU
		{9F45073D-47B7-4EFD-9C72-7B8A109766A9}.Debug|Any CPU.ActiveCfg = Debug|Any CPU
		{9F45073D-47B7-4EFD-9C72-7B8A109766A9}.Debug|Any CPU.Build.0 = Debug|Any CPU
		{9F45073D-47B7-4EFD-9C72-7B8A109766A9}.Release|Any CPU.ActiveCfg = Release|Any CPU
		{9F45073D-47B7-4EFD-9C72-7B8A109766A9}.Release|Any CPU.Build.0 = Release|Any CPU
		{FD37CE24-2A30-4EFF-9C40-80629CF98147}.Debug|Any CPU.ActiveCfg = Debug|Any CPU
		{FD37CE24-2A30-4EFF-9C40-80629CF98147}.Debug|Any CPU.Build.0 = Debug|Any CPU
		{FD37CE24-2A30-4EFF-9C40-80629CF98147}.Release|Any CPU.ActiveCfg = Release|Any CPU
		{FD37CE24-2A30-4EFF-9C40-80629CF98147}.Release|Any CPU.Build.0 = Release|Any CPU
		{95E8F87A-21C6-4BDE-8E45-AC6A9B930C6B}.Debug|Any CPU.ActiveCfg = Debug|Any CPU
		{95E8F87A-21C6-4BDE-8E45-AC6A9B930C6B}.Debug|Any CPU.Build.0 = Debug|Any CPU
		{95E8F87A-21C6-4BDE-8E45-AC6A9B930C6B}.Release|Any CPU.ActiveCfg = Release|Any CPU
		{95E8F87A-21C6-4BDE-8E45-AC6A9B930C6B}.Release|Any CPU.Build.0 = Release|Any CPU
		{2E800B03-2A88-4F28-BB11-A9A569C10E30}.Debug|Any CPU.ActiveCfg = Debug|Any CPU
		{2E800B03-2A88-4F28-BB11-A9A569C10E30}.Debug|Any CPU.Build.0 = Debug|Any CPU
		{2E800B03-2A88-4F28-BB11-A9A569C10E30}.Release|Any CPU.ActiveCfg = Release|Any CPU
		{2E800B03-2A88-4F28-BB11-A9A569C10E30}.Release|Any CPU.Build.0 = Release|Any CPU
		{99E92384-03C5-4F7D-BE75-A43A4481329C}.Debug|Any CPU.ActiveCfg = Debug|Any CPU
		{99E92384-03C5-4F7D-BE75-A43A4481329C}.Debug|Any CPU.Build.0 = Debug|Any CPU
		{99E92384-03C5-4F7D-BE75-A43A4481329C}.Release|Any CPU.ActiveCfg = Release|Any CPU
		{99E92384-03C5-4F7D-BE75-A43A4481329C}.Release|Any CPU.Build.0 = Release|Any CPU
		{D47ACD93-FA82-47C1-992A-1530BE26A2C5}.Debug|Any CPU.ActiveCfg = Debug|Any CPU
		{D47ACD93-FA82-47C1-992A-1530BE26A2C5}.Debug|Any CPU.Build.0 = Debug|Any CPU
		{D47ACD93-FA82-47C1-992A-1530BE26A2C5}.Release|Any CPU.ActiveCfg = Release|Any CPU
		{D47ACD93-FA82-47C1-992A-1530BE26A2C5}.Release|Any CPU.Build.0 = Release|Any CPU
		{3B610A44-D408-427C-B7C2-4D15DDD5D382}.Debug|Any CPU.ActiveCfg = Debug|Any CPU
		{3B610A44-D408-427C-B7C2-4D15DDD5D382}.Debug|Any CPU.Build.0 = Debug|Any CPU
		{3B610A44-D408-427C-B7C2-4D15DDD5D382}.Release|Any CPU.ActiveCfg = Release|Any CPU
		{3B610A44-D408-427C-B7C2-4D15DDD5D382}.Release|Any CPU.Build.0 = Release|Any CPU
		{968ACE0C-3331-46DF-9DCE-A38CEBCB33C2}.Debug|Any CPU.ActiveCfg = Debug|Any CPU
		{968ACE0C-3331-46DF-9DCE-A38CEBCB33C2}.Debug|Any CPU.Build.0 = Debug|Any CPU
		{968ACE0C-3331-46DF-9DCE-A38CEBCB33C2}.Release|Any CPU.ActiveCfg = Release|Any CPU
		{968ACE0C-3331-46DF-9DCE-A38CEBCB33C2}.Release|Any CPU.Build.0 = Release|Any CPU
		{4D85D2BB-00CB-4CB1-96BC-E3322D524C76}.Debug|Any CPU.ActiveCfg = Debug|Any CPU
		{4D85D2BB-00CB-4CB1-96BC-E3322D524C76}.Debug|Any CPU.Build.0 = Debug|Any CPU
		{4D85D2BB-00CB-4CB1-96BC-E3322D524C76}.Release|Any CPU.ActiveCfg = Release|Any CPU
		{4D85D2BB-00CB-4CB1-96BC-E3322D524C76}.Release|Any CPU.Build.0 = Release|Any CPU
		{F840A274-8EDF-4EA9-A878-F054F67378B8}.Debug|Any CPU.ActiveCfg = Debug|Any CPU
		{F840A274-8EDF-4EA9-A878-F054F67378B8}.Debug|Any CPU.Build.0 = Debug|Any CPU
		{F840A274-8EDF-4EA9-A878-F054F67378B8}.Release|Any CPU.ActiveCfg = Release|Any CPU
		{F840A274-8EDF-4EA9-A878-F054F67378B8}.Release|Any CPU.Build.0 = Release|Any CPU
		{F0D14C8F-F8CD-47A7-9FA9-8FE2F15BFDF1}.Debug|Any CPU.ActiveCfg = Debug|Any CPU
		{F0D14C8F-F8CD-47A7-9FA9-8FE2F15BFDF1}.Debug|Any CPU.Build.0 = Debug|Any CPU
		{F0D14C8F-F8CD-47A7-9FA9-8FE2F15BFDF1}.Release|Any CPU.ActiveCfg = Release|Any CPU
		{F0D14C8F-F8CD-47A7-9FA9-8FE2F15BFDF1}.Release|Any CPU.Build.0 = Release|Any CPU
		{684F6D49-7F64-4485-A36E-8E68E4E46930}.Debug|Any CPU.ActiveCfg = Debug|Any CPU
		{684F6D49-7F64-4485-A36E-8E68E4E46930}.Debug|Any CPU.Build.0 = Debug|Any CPU
		{684F6D49-7F64-4485-A36E-8E68E4E46930}.Release|Any CPU.ActiveCfg = Release|Any CPU
		{684F6D49-7F64-4485-A36E-8E68E4E46930}.Release|Any CPU.Build.0 = Release|Any CPU
	EndGlobalSection
	GlobalSection(SolutionProperties) = preSolution
		HideSolutionNode = FALSE
	EndGlobalSection
	GlobalSection(NestedProjects) = preSolution
		{99E92384-03C5-4F7D-BE75-A43A4481329C} = {77F80894-422A-469E-AAEB-86E1204168B1}
		{D47ACD93-FA82-47C1-992A-1530BE26A2C5} = {77F80894-422A-469E-AAEB-86E1204168B1}
		{3B610A44-D408-427C-B7C2-4D15DDD5D382} = {77F80894-422A-469E-AAEB-86E1204168B1}
		{968ACE0C-3331-46DF-9DCE-A38CEBCB33C2} = {77F80894-422A-469E-AAEB-86E1204168B1}
		{4D85D2BB-00CB-4CB1-96BC-E3322D524C76} = {77F80894-422A-469E-AAEB-86E1204168B1}
		{F840A274-8EDF-4EA9-A878-F054F67378B8} = {77F80894-422A-469E-AAEB-86E1204168B1}
		{F0D14C8F-F8CD-47A7-9FA9-8FE2F15BFDF1} = {77F80894-422A-469E-AAEB-86E1204168B1}
		{684F6D49-7F64-4485-A36E-8E68E4E46930} = {77F80894-422A-469E-AAEB-86E1204168B1}
	EndGlobalSection
	GlobalSection(ExtensibilityGlobals) = postSolution
		SolutionGuid = {94F3A4C7-899A-4D77-8447-64CEFB82A31C}
	EndGlobalSection
EndGlobal
