
Microsoft Visual Studio Solution File, Format Version 12.00
# Visual Studio Version 16
VisualStudioVersion = 16.0.28729.10
MinimumVisualStudioVersion = 10.0.40219.1
Project("{9A19103F-16F7-4668-BE54-9A1E7A4F7556}") = "FBSConsolaCBWebApi.WebApi", "FBSConsolaCBWebApi.WebApi\FBSConsolaCBWebApi.WebApi.csproj", "{4984B573-59DD-49CE-AD75-E7125B597AAF}"
EndProject
Project("{9A19103F-16F7-4668-BE54-9A1E7A4F7556}") = "FBSConsolaCBWebApi.DAL", "FBSConsolaCBWebApi.DAL\FBSConsolaCBWebApi.DAL.csproj", "{9F45073D-47B7-4EFD-9C72-7B8A109766A9}"
EndProject
Project("{9A19103F-16F7-4668-BE54-9A1E7A4F7556}") = "FBSConsolaCBWebApi.Infraestructura", "FBSConsolaCBWebApi.Infraestructura\FBSConsolaCBWebApi.Infraestructura.csproj", "{FD37CE24-2A30-4EFF-9C40-80629CF98147}"
EndProject
Project("{9A19103F-16F7-4668-BE54-9A1E7A4F7556}") = "FBSConsolaCBWebApi.Dominio.Servicios", "FBSConsolaCBWebApi.Dominio.Servicios\FBSConsolaCBWebApi.Dominio.Servicios.csproj", "{95E8F87A-21C6-4BDE-8E45-AC6A9B930C6B}"
EndProject
Project("{9A19103F-16F7-4668-BE54-9A1E7A4F7556}") = "FBSMovilCBWebApi.WebApi", "FBSMovilCBWebApi.WebApi\FBSMovilCBWebApi.WebApi.csproj", "{E327CE11-46F3-4DD4-8C5C-FEB357D3AEEF}"
EndProject
Project("{9A19103F-16F7-4668-BE54-9A1E7A4F7556}") = "FBSMovilCBWebApi.Dominio.Servicios", "FBSMovilCBWebApi.Dominio.Servicios\FBSMovilCBWebApi.Dominio.Servicios.csproj", "{5CFFCCD0-27FC-4DF6-80D4-206C892E89A5}"
EndProject
Project("{2150E333-8FDC-42A3-9474-1A3956D46DE8}") = "WebApi Aplicativo Web", "WebApi Aplicativo Web", "{E3B0DED4-49AA-4630-8DCE-B37FF0227208}"
EndProject
Project("{2150E333-8FDC-42A3-9474-1A3956D46DE8}") = "WebApi Aplicativo Movil", "WebApi Aplicativo Movil", "{907AC0C2-8730-4DD2-863B-D12D4469655C}"
EndProject
Project("{9A19103F-16F7-4668-BE54-9A1E7A4F7556}") = "FBS.DAL", "FBS_Core\FBS.DAL\FBS.DAL.csproj", "{CA4061A0-BFDA-4174-A043-39858A4CF6CE}"
EndProject
Project("{9A19103F-16F7-4668-BE54-9A1E7A4F7556}") = "FBS.Dominio.Modelos", "FBS_Core\FBS.Dominio.Modelos\FBS.Dominio.Modelos.csproj", "{3F1CB707-B413-4378-BAD4-28AB9BBD2C80}"
EndProject
Project("{9A19103F-16F7-4668-BE54-9A1E7A4F7556}") = "FBS.Dominio.Servicios", "FBS_Core\FBS.Dominio.Servicios\FBS.Dominio.Servicios.csproj", "{D1720D32-51B4-441C-8C22-48D8D6E29C3C}"
EndProject
Project("{9A19103F-16F7-4668-BE54-9A1E7A4F7556}") = "FBS.Identidad.DAL", "FBS_Core\FBS.Identidad.DAL\FBS.Identidad.DAL.csproj", "{F12724FA-DA10-4E24-B268-1D86965A9FE0}"
EndProject
Project("{9A19103F-16F7-4668-BE54-9A1E7A4F7556}") = "FBS.Identidad.Dominio.Servicios", "FBS_Core\FBS.Identidad.Dominio.Servicios\FBS.Identidad.Dominio.Servicios.csproj", "{1563E9EA-CDFB-4D0D-B2E1-883A29F5CA86}"
EndProject
Project("{9A19103F-16F7-4668-BE54-9A1E7A4F7556}") = "FBS.Identidad.Infraestructura", "FBS_Core\FBS.Identidad.Infraestructura\FBS.Identidad.Infraestructura.csproj", "{0CE974C3-D9CA-4EFA-96F2-FFAA904E3FA5}"
EndProject
Project("{9A19103F-16F7-4668-BE54-9A1E7A4F7556}") = "FBS.Infraestructura", "FBS_Core\FBS.Infraestructura\FBS.Infraestructura.csproj", "{1F763B72-A733-486F-BF12-A01F3E5FA4CB}"
EndProject
Project("{2150E333-8FDC-42A3-9474-1A3956D46DE8}") = "FBSCore", "FBSCore", "{C9E6A5CE-C971-4D87-BB86-8C70A05A8465}"
EndProject
Project("{2150E333-8FDC-42A3-9474-1A3956D46DE8}") = "FBSCoreBase", "FBSCoreBase", "{27CF2510-D55A-48DA-8FF1-16C4D1981799}"
EndProject
Project("{2150E333-8FDC-42A3-9474-1A3956D46DE8}") = "FBSCoreIdentidad", "FBSCoreIdentidad", "{78043B71-755F-4D98-912E-535D02EBF6E4}"
EndProject
Project("{00D1A9C2-B5F0-4AF3-8072-F6C62B433612}") = "FBSConsolaCBBaseDatos", "FBSConsolaCBBaseDatos\FBSConsolaCBBaseDatos.sqlproj", "{C1F5D2E4-AF80-4A16-B038-8FAB8A231DDD}"
EndProject
Project("{2150E333-8FDC-42A3-9474-1A3956D46DE8}") = "Solution Items", "Solution Items", "{164FCBA5-C096-4B1C-9BA1-0D0743694222}"
	ProjectSection(SolutionItems) = preProject
		docker-compose.yml = docker-compose.yml
	EndProjectSection
EndProject
Project("{9A19103F-16F7-4668-BE54-9A1E7A4F7556}") = "FBSMovilCBWebApi.Infraestructura", "FBSMovilCBWebApi.Infraestructura\FBSMovilCBWebApi.Infraestructura.csproj", "{1417562D-51CE-4AF7-9205-5A536A7738EE}"
EndProject
Project("{F14B399A-7131-4C87-9E4B-1186C45EF12D}") = "WebApiReportes", "WebApiReportes\WebApiReportes.rptproj", "{8E473CD2-7953-4913-8EA5-B9C061A9D9C5}"
EndProject
Project("{9A19103F-16F7-4668-BE54-9A1E7A4F7556}") = "FBSServiciosFinancial", "FBSServiciosFinancial\FBSServiciosFinancial.csproj", "{5664886E-0169-4EE1-9415-4B6A28ABB7D8}"
EndProject
Global
	GlobalSection(SolutionConfigurationPlatforms) = preSolution
		Debug|Any CPU = Debug|Any CPU
		DebugLocal|Any CPU = DebugLocal|Any CPU
		Release|Any CPU = Release|Any CPU
	EndGlobalSection
	GlobalSection(ProjectConfigurationPlatforms) = postSolution
		{4984B573-59DD-49CE-AD75-E7125B597AAF}.Debug|Any CPU.ActiveCfg = Debug|Any CPU
		{4984B573-59DD-49CE-AD75-E7125B597AAF}.Debug|Any CPU.Build.0 = Debug|Any CPU
		{4984B573-59DD-49CE-AD75-E7125B597AAF}.DebugLocal|Any CPU.ActiveCfg = Debug|Any CPU
		{4984B573-59DD-49CE-AD75-E7125B597AAF}.DebugLocal|Any CPU.Build.0 = Debug|Any CPU
		{4984B573-59DD-49CE-AD75-E7125B597AAF}.Release|Any CPU.ActiveCfg = Release|Any CPU
		{4984B573-59DD-49CE-AD75-E7125B597AAF}.Release|Any CPU.Build.0 = Release|Any CPU
		{9F45073D-47B7-4EFD-9C72-7B8A109766A9}.Debug|Any CPU.ActiveCfg = Debug|Any CPU
		{9F45073D-47B7-4EFD-9C72-7B8A109766A9}.Debug|Any CPU.Build.0 = Debug|Any CPU
		{9F45073D-47B7-4EFD-9C72-7B8A109766A9}.DebugLocal|Any CPU.ActiveCfg = Debug|Any CPU
		{9F45073D-47B7-4EFD-9C72-7B8A109766A9}.DebugLocal|Any CPU.Build.0 = Debug|Any CPU
		{9F45073D-47B7-4EFD-9C72-7B8A109766A9}.Release|Any CPU.ActiveCfg = Release|Any CPU
		{9F45073D-47B7-4EFD-9C72-7B8A109766A9}.Release|Any CPU.Build.0 = Release|Any CPU
		{FD37CE24-2A30-4EFF-9C40-80629CF98147}.Debug|Any CPU.ActiveCfg = Debug|Any CPU
		{FD37CE24-2A30-4EFF-9C40-80629CF98147}.Debug|Any CPU.Build.0 = Debug|Any CPU
		{FD37CE24-2A30-4EFF-9C40-80629CF98147}.DebugLocal|Any CPU.ActiveCfg = Debug|Any CPU
		{FD37CE24-2A30-4EFF-9C40-80629CF98147}.DebugLocal|Any CPU.Build.0 = Debug|Any CPU
		{FD37CE24-2A30-4EFF-9C40-80629CF98147}.Release|Any CPU.ActiveCfg = Release|Any CPU
		{FD37CE24-2A30-4EFF-9C40-80629CF98147}.Release|Any CPU.Build.0 = Release|Any CPU
		{95E8F87A-21C6-4BDE-8E45-AC6A9B930C6B}.Debug|Any CPU.ActiveCfg = Debug|Any CPU
		{95E8F87A-21C6-4BDE-8E45-AC6A9B930C6B}.Debug|Any CPU.Build.0 = Debug|Any CPU
		{95E8F87A-21C6-4BDE-8E45-AC6A9B930C6B}.DebugLocal|Any CPU.ActiveCfg = Debug|Any CPU
		{95E8F87A-21C6-4BDE-8E45-AC6A9B930C6B}.DebugLocal|Any CPU.Build.0 = Debug|Any CPU
		{95E8F87A-21C6-4BDE-8E45-AC6A9B930C6B}.Release|Any CPU.ActiveCfg = Release|Any CPU
		{95E8F87A-21C6-4BDE-8E45-AC6A9B930C6B}.Release|Any CPU.Build.0 = Release|Any CPU
		{E327CE11-46F3-4DD4-8C5C-FEB357D3AEEF}.Debug|Any CPU.ActiveCfg = Debug|Any CPU
		{E327CE11-46F3-4DD4-8C5C-FEB357D3AEEF}.Debug|Any CPU.Build.0 = Debug|Any CPU
		{E327CE11-46F3-4DD4-8C5C-FEB357D3AEEF}.DebugLocal|Any CPU.ActiveCfg = Debug|Any CPU
		{E327CE11-46F3-4DD4-8C5C-FEB357D3AEEF}.DebugLocal|Any CPU.Build.0 = Debug|Any CPU
		{E327CE11-46F3-4DD4-8C5C-FEB357D3AEEF}.Release|Any CPU.ActiveCfg = Release|Any CPU
		{E327CE11-46F3-4DD4-8C5C-FEB357D3AEEF}.Release|Any CPU.Build.0 = Release|Any CPU
		{5CFFCCD0-27FC-4DF6-80D4-206C892E89A5}.Debug|Any CPU.ActiveCfg = Debug|Any CPU
		{5CFFCCD0-27FC-4DF6-80D4-206C892E89A5}.Debug|Any CPU.Build.0 = Debug|Any CPU
		{5CFFCCD0-27FC-4DF6-80D4-206C892E89A5}.DebugLocal|Any CPU.ActiveCfg = Debug|Any CPU
		{5CFFCCD0-27FC-4DF6-80D4-206C892E89A5}.DebugLocal|Any CPU.Build.0 = Debug|Any CPU
		{5CFFCCD0-27FC-4DF6-80D4-206C892E89A5}.Release|Any CPU.ActiveCfg = Release|Any CPU
		{5CFFCCD0-27FC-4DF6-80D4-206C892E89A5}.Release|Any CPU.Build.0 = Release|Any CPU
		{CA4061A0-BFDA-4174-A043-39858A4CF6CE}.Debug|Any CPU.ActiveCfg = Debug|Any CPU
		{CA4061A0-BFDA-4174-A043-39858A4CF6CE}.Debug|Any CPU.Build.0 = Debug|Any CPU
		{CA4061A0-BFDA-4174-A043-39858A4CF6CE}.DebugLocal|Any CPU.ActiveCfg = Debug|Any CPU
		{CA4061A0-BFDA-4174-A043-39858A4CF6CE}.DebugLocal|Any CPU.Build.0 = Debug|Any CPU
		{CA4061A0-BFDA-4174-A043-39858A4CF6CE}.Release|Any CPU.ActiveCfg = Release|Any CPU
		{CA4061A0-BFDA-4174-A043-39858A4CF6CE}.Release|Any CPU.Build.0 = Release|Any CPU
		{3F1CB707-B413-4378-BAD4-28AB9BBD2C80}.Debug|Any CPU.ActiveCfg = Debug|Any CPU
		{3F1CB707-B413-4378-BAD4-28AB9BBD2C80}.Debug|Any CPU.Build.0 = Debug|Any CPU
		{3F1CB707-B413-4378-BAD4-28AB9BBD2C80}.DebugLocal|Any CPU.ActiveCfg = Debug|Any CPU
		{3F1CB707-B413-4378-BAD4-28AB9BBD2C80}.DebugLocal|Any CPU.Build.0 = Debug|Any CPU
		{3F1CB707-B413-4378-BAD4-28AB9BBD2C80}.Release|Any CPU.ActiveCfg = Release|Any CPU
		{3F1CB707-B413-4378-BAD4-28AB9BBD2C80}.Release|Any CPU.Build.0 = Release|Any CPU
		{D1720D32-51B4-441C-8C22-48D8D6E29C3C}.Debug|Any CPU.ActiveCfg = Debug|Any CPU
		{D1720D32-51B4-441C-8C22-48D8D6E29C3C}.Debug|Any CPU.Build.0 = Debug|Any CPU
		{D1720D32-51B4-441C-8C22-48D8D6E29C3C}.DebugLocal|Any CPU.ActiveCfg = Debug|Any CPU
		{D1720D32-51B4-441C-8C22-48D8D6E29C3C}.DebugLocal|Any CPU.Build.0 = Debug|Any CPU
		{D1720D32-51B4-441C-8C22-48D8D6E29C3C}.Release|Any CPU.ActiveCfg = Release|Any CPU
		{D1720D32-51B4-441C-8C22-48D8D6E29C3C}.Release|Any CPU.Build.0 = Release|Any CPU
		{F12724FA-DA10-4E24-B268-1D86965A9FE0}.Debug|Any CPU.ActiveCfg = Debug|Any CPU
		{F12724FA-DA10-4E24-B268-1D86965A9FE0}.Debug|Any CPU.Build.0 = Debug|Any CPU
		{F12724FA-DA10-4E24-B268-1D86965A9FE0}.DebugLocal|Any CPU.ActiveCfg = Debug|Any CPU
		{F12724FA-DA10-4E24-B268-1D86965A9FE0}.DebugLocal|Any CPU.Build.0 = Debug|Any CPU
		{F12724FA-DA10-4E24-B268-1D86965A9FE0}.Release|Any CPU.ActiveCfg = Release|Any CPU
		{F12724FA-DA10-4E24-B268-1D86965A9FE0}.Release|Any CPU.Build.0 = Release|Any CPU
		{1563E9EA-CDFB-4D0D-B2E1-883A29F5CA86}.Debug|Any CPU.ActiveCfg = Debug|Any CPU
		{1563E9EA-CDFB-4D0D-B2E1-883A29F5CA86}.Debug|Any CPU.Build.0 = Debug|Any CPU
		{1563E9EA-CDFB-4D0D-B2E1-883A29F5CA86}.DebugLocal|Any CPU.ActiveCfg = Debug|Any CPU
		{1563E9EA-CDFB-4D0D-B2E1-883A29F5CA86}.DebugLocal|Any CPU.Build.0 = Debug|Any CPU
		{1563E9EA-CDFB-4D0D-B2E1-883A29F5CA86}.Release|Any CPU.ActiveCfg = Release|Any CPU
		{1563E9EA-CDFB-4D0D-B2E1-883A29F5CA86}.Release|Any CPU.Build.0 = Release|Any CPU
		{0CE974C3-D9CA-4EFA-96F2-FFAA904E3FA5}.Debug|Any CPU.ActiveCfg = Debug|Any CPU
		{0CE974C3-D9CA-4EFA-96F2-FFAA904E3FA5}.Debug|Any CPU.Build.0 = Debug|Any CPU
		{0CE974C3-D9CA-4EFA-96F2-FFAA904E3FA5}.DebugLocal|Any CPU.ActiveCfg = Debug|Any CPU
		{0CE974C3-D9CA-4EFA-96F2-FFAA904E3FA5}.DebugLocal|Any CPU.Build.0 = Debug|Any CPU
		{0CE974C3-D9CA-4EFA-96F2-FFAA904E3FA5}.Release|Any CPU.ActiveCfg = Release|Any CPU
		{0CE974C3-D9CA-4EFA-96F2-FFAA904E3FA5}.Release|Any CPU.Build.0 = Release|Any CPU
		{1F763B72-A733-486F-BF12-A01F3E5FA4CB}.Debug|Any CPU.ActiveCfg = Debug|Any CPU
		{1F763B72-A733-486F-BF12-A01F3E5FA4CB}.Debug|Any CPU.Build.0 = Debug|Any CPU
		{1F763B72-A733-486F-BF12-A01F3E5FA4CB}.DebugLocal|Any CPU.ActiveCfg = Debug|Any CPU
		{1F763B72-A733-486F-BF12-A01F3E5FA4CB}.DebugLocal|Any CPU.Build.0 = Debug|Any CPU
		{1F763B72-A733-486F-BF12-A01F3E5FA4CB}.Release|Any CPU.ActiveCfg = Release|Any CPU
		{1F763B72-A733-486F-BF12-A01F3E5FA4CB}.Release|Any CPU.Build.0 = Release|Any CPU
		{C1F5D2E4-AF80-4A16-B038-8FAB8A231DDD}.Debug|Any CPU.ActiveCfg = Debug|Any CPU
		{C1F5D2E4-AF80-4A16-B038-8FAB8A231DDD}.Debug|Any CPU.Build.0 = Debug|Any CPU
		{C1F5D2E4-AF80-4A16-B038-8FAB8A231DDD}.Debug|Any CPU.Deploy.0 = Debug|Any CPU
		{C1F5D2E4-AF80-4A16-B038-8FAB8A231DDD}.DebugLocal|Any CPU.ActiveCfg = Debug|Any CPU
		{C1F5D2E4-AF80-4A16-B038-8FAB8A231DDD}.DebugLocal|Any CPU.Build.0 = Debug|Any CPU
		{C1F5D2E4-AF80-4A16-B038-8FAB8A231DDD}.DebugLocal|Any CPU.Deploy.0 = Debug|Any CPU
		{C1F5D2E4-AF80-4A16-B038-8FAB8A231DDD}.Release|Any CPU.ActiveCfg = Release|Any CPU
		{C1F5D2E4-AF80-4A16-B038-8FAB8A231DDD}.Release|Any CPU.Build.0 = Release|Any CPU
		{C1F5D2E4-AF80-4A16-B038-8FAB8A231DDD}.Release|Any CPU.Deploy.0 = Release|Any CPU
		{1417562D-51CE-4AF7-9205-5A536A7738EE}.Debug|Any CPU.ActiveCfg = Debug|Any CPU
		{1417562D-51CE-4AF7-9205-5A536A7738EE}.Debug|Any CPU.Build.0 = Debug|Any CPU
		{1417562D-51CE-4AF7-9205-5A536A7738EE}.DebugLocal|Any CPU.ActiveCfg = Debug|Any CPU
		{1417562D-51CE-4AF7-9205-5A536A7738EE}.DebugLocal|Any CPU.Build.0 = Debug|Any CPU
		{1417562D-51CE-4AF7-9205-5A536A7738EE}.Release|Any CPU.ActiveCfg = Release|Any CPU
		{1417562D-51CE-4AF7-9205-5A536A7738EE}.Release|Any CPU.Build.0 = Release|Any CPU
		{8E473CD2-7953-4913-8EA5-B9C061A9D9C5}.Debug|Any CPU.ActiveCfg = Debug
		{8E473CD2-7953-4913-8EA5-B9C061A9D9C5}.Debug|Any CPU.Build.0 = Debug
		{8E473CD2-7953-4913-8EA5-B9C061A9D9C5}.Debug|Any CPU.Deploy.0 = Debug
		{8E473CD2-7953-4913-8EA5-B9C061A9D9C5}.DebugLocal|Any CPU.ActiveCfg = DebugLocal
		{8E473CD2-7953-4913-8EA5-B9C061A9D9C5}.DebugLocal|Any CPU.Build.0 = DebugLocal
		{8E473CD2-7953-4913-8EA5-B9C061A9D9C5}.Release|Any CPU.ActiveCfg = Release
		{8E473CD2-7953-4913-8EA5-B9C061A9D9C5}.Release|Any CPU.Build.0 = Release
		{8E473CD2-7953-4913-8EA5-B9C061A9D9C5}.Release|Any CPU.Deploy.0 = Release
		{5664886E-0169-4EE1-9415-4B6A28ABB7D8}.Debug|Any CPU.ActiveCfg = Debug|Any CPU
		{5664886E-0169-4EE1-9415-4B6A28ABB7D8}.Debug|Any CPU.Build.0 = Debug|Any CPU
		{5664886E-0169-4EE1-9415-4B6A28ABB7D8}.DebugLocal|Any CPU.ActiveCfg = Debug|Any CPU
		{5664886E-0169-4EE1-9415-4B6A28ABB7D8}.DebugLocal|Any CPU.Build.0 = Debug|Any CPU
		{5664886E-0169-4EE1-9415-4B6A28ABB7D8}.Release|Any CPU.ActiveCfg = Release|Any CPU
		{5664886E-0169-4EE1-9415-4B6A28ABB7D8}.Release|Any CPU.Build.0 = Release|Any CPU
	EndGlobalSection
	GlobalSection(SolutionProperties) = preSolution
		HideSolutionNode = FALSE
	EndGlobalSection
	GlobalSection(NestedProjects) = preSolution
		{4984B573-59DD-49CE-AD75-E7125B597AAF} = {E3B0DED4-49AA-4630-8DCE-B37FF0227208}
		{9F45073D-47B7-4EFD-9C72-7B8A109766A9} = {E3B0DED4-49AA-4630-8DCE-B37FF0227208}
		{FD37CE24-2A30-4EFF-9C40-80629CF98147} = {E3B0DED4-49AA-4630-8DCE-B37FF0227208}
		{95E8F87A-21C6-4BDE-8E45-AC6A9B930C6B} = {E3B0DED4-49AA-4630-8DCE-B37FF0227208}
		{E327CE11-46F3-4DD4-8C5C-FEB357D3AEEF} = {907AC0C2-8730-4DD2-863B-D12D4469655C}
		{5CFFCCD0-27FC-4DF6-80D4-206C892E89A5} = {907AC0C2-8730-4DD2-863B-D12D4469655C}
		{CA4061A0-BFDA-4174-A043-39858A4CF6CE} = {27CF2510-D55A-48DA-8FF1-16C4D1981799}
		{3F1CB707-B413-4378-BAD4-28AB9BBD2C80} = {27CF2510-D55A-48DA-8FF1-16C4D1981799}
		{D1720D32-51B4-441C-8C22-48D8D6E29C3C} = {27CF2510-D55A-48DA-8FF1-16C4D1981799}
		{F12724FA-DA10-4E24-B268-1D86965A9FE0} = {78043B71-755F-4D98-912E-535D02EBF6E4}
		{1563E9EA-CDFB-4D0D-B2E1-883A29F5CA86} = {78043B71-755F-4D98-912E-535D02EBF6E4}
		{0CE974C3-D9CA-4EFA-96F2-FFAA904E3FA5} = {78043B71-755F-4D98-912E-535D02EBF6E4}
		{1F763B72-A733-486F-BF12-A01F3E5FA4CB} = {27CF2510-D55A-48DA-8FF1-16C4D1981799}
		{27CF2510-D55A-48DA-8FF1-16C4D1981799} = {C9E6A5CE-C971-4D87-BB86-8C70A05A8465}
		{78043B71-755F-4D98-912E-535D02EBF6E4} = {C9E6A5CE-C971-4D87-BB86-8C70A05A8465}
		{C1F5D2E4-AF80-4A16-B038-8FAB8A231DDD} = {E3B0DED4-49AA-4630-8DCE-B37FF0227208}
		{1417562D-51CE-4AF7-9205-5A536A7738EE} = {907AC0C2-8730-4DD2-863B-D12D4469655C}
	EndGlobalSection
	GlobalSection(ExtensibilityGlobals) = postSolution
		SolutionGuid = {94F3A4C7-899A-4D77-8447-64CEFB82A31C}
	EndGlobalSection
EndGlobal
